
Microsoft Visual Studio Solution File, Format Version 12.00
# Visual Studio Version 17
VisualStudioVersion = 17.0.31903.59
MinimumVisualStudioVersion = 10.0.40219.1
Project("{FAE04EC0-301F-11D3-BF4B-00C04F79EFBC}") = "TccDocAPI", "TccDocAPI\TccDocAPI.csproj", "{19D295F4-D974-4114-96C1-A7AD936E9919}"
EndProject
Project("{FAE04EC0-301F-11D3-BF4B-00C04F79EFBC}") = "TccDocAPI.Domain", "TccDocAPI.Domain\TccDocAPI.Domain.csproj", "{1F0626E5-40A3-4AB7-A091-25B0B0B64B13}"
EndProject
Project("{FAE04EC0-301F-11D3-BF4B-00C04F79EFBC}") = "TccDocAPI.Application", "TccDocAPI.Application\TccDocAPI.Application.csproj", "{262E0C69-4B33-4180-94A2-E3D0F6A297AD}"
EndProject
Project("{FAE04EC0-301F-11D3-BF4B-00C04F79EFBC}") = "TccDocAPI.Infrastructure", "TccDocAPI.Infrastructure\TccDocAPI.Infrastructure.csproj", "{7573F88C-9E3B-40F8-8A78-B716555D214B}"
EndProject
Global
	GlobalSection(SolutionConfigurationPlatforms) = preSolution
		Debug|Any CPU = Debug|Any CPU
		Release|Any CPU = Release|Any CPU
	EndGlobalSection
	GlobalSection(SolutionProperties) = preSolution
		HideSolutionNode = FALSE
	EndGlobalSection
	GlobalSection(ProjectConfigurationPlatforms) = postSolution
		{19D295F4-D974-4114-96C1-A7AD936E9919}.Debug|Any CPU.ActiveCfg = Debug|Any CPU
		{19D295F4-D974-4114-96C1-A7AD936E9919}.Debug|Any CPU.Build.0 = Debug|Any CPU
		{19D295F4-D974-4114-96C1-A7AD936E9919}.Release|Any CPU.ActiveCfg = Release|Any CPU
		{19D295F4-D974-4114-96C1-A7AD936E9919}.Release|Any CPU.Build.0 = Release|Any CPU
		{1F0626E5-40A3-4AB7-A091-25B0B0B64B13}.Debug|Any CPU.ActiveCfg = Debug|Any CPU
		{1F0626E5-40A3-4AB7-A091-25B0B0B64B13}.Debug|Any CPU.Build.0 = Debug|Any CPU
		{1F0626E5-40A3-4AB7-A091-25B0B0B64B13}.Release|Any CPU.ActiveCfg = Release|Any CPU
		{1F0626E5-40A3-4AB7-A091-25B0B0B64B13}.Release|Any CPU.Build.0 = Release|Any CPU
		{262E0C69-4B33-4180-94A2-E3D0F6A297AD}.Debug|Any CPU.ActiveCfg = Debug|Any CPU
		{262E0C69-4B33-4180-94A2-E3D0F6A297AD}.Debug|Any CPU.Build.0 = Debug|Any CPU
		{262E0C69-4B33-4180-94A2-E3D0F6A297AD}.Release|Any CPU.ActiveCfg = Release|Any CPU
		{262E0C69-4B33-4180-94A2-E3D0F6A297AD}.Release|Any CPU.Build.0 = Release|Any CPU
		{7573F88C-9E3B-40F8-8A78-B716555D214B}.Debug|Any CPU.ActiveCfg = Debug|Any CPU
		{7573F88C-9E3B-40F8-8A78-B716555D214B}.Debug|Any CPU.Build.0 = Debug|Any CPU
		{7573F88C-9E3B-40F8-8A78-B716555D214B}.Release|Any CPU.ActiveCfg = Release|Any CPU
		{7573F88C-9E3B-40F8-8A78-B716555D214B}.Release|Any CPU.Build.0 = Release|Any CPU
	EndGlobalSection
EndGlobal
